
Microsoft Visual Studio Solution File, Format Version 12.00
# Visual Studio Version 17
VisualStudioVersion = 17.9.34622.214
MinimumVisualStudioVersion = 10.0.40219.1
Project("{FAE04EC0-301F-11D3-BF4B-00C04F79EFBC}") = "MinIO_Test_Project", "MinIO_Test_Project\MinIO_Test_Project.csproj", "{AA6B1B1F-8A04-402C-8514-4D23983072DB}"
EndProject
Global
	GlobalSection(SolutionConfigurationPlatforms) = preSolution
		Debug|Any CPU = Debug|Any CPU
		Release|Any CPU = Release|Any CPU
	EndGlobalSection
	GlobalSection(ProjectConfigurationPlatforms) = postSolution
		{AA6B1B1F-8A04-402C-8514-4D23983072DB}.Debug|Any CPU.ActiveCfg = Debug|Any CPU
		{AA6B1B1F-8A04-402C-8514-4D23983072DB}.Debug|Any CPU.Build.0 = Debug|Any CPU
		{AA6B1B1F-8A04-402C-8514-4D23983072DB}.Release|Any CPU.ActiveCfg = Release|Any CPU
		{AA6B1B1F-8A04-402C-8514-4D23983072DB}.Release|Any CPU.Build.0 = Release|Any CPU
	EndGlobalSection
	GlobalSection(SolutionProperties) = preSolution
		HideSolutionNode = FALSE
	EndGlobalSection
	GlobalSection(ExtensibilityGlobals) = postSolution
		SolutionGuid = {57BB70E8-416E-4812-A638-CD95888EA5DC}
	EndGlobalSection
EndGlobal
